// !$*UTF8*$!
{
	archiveVersion = 1;
	classes = {
	};
	objectVersion = 50;
	objects = {

/* Begin PBXBuildFile section */
		23302B62246A411B00FED654 /* AppDelegate.swift in Sources */ = {isa = PBXBuildFile; fileRef = 23302B61246A411B00FED654 /* AppDelegate.swift */; };
		23302B64246A411B00FED654 /* SceneDelegate.swift in Sources */ = {isa = PBXBuildFile; fileRef = 23302B63246A411B00FED654 /* SceneDelegate.swift */; };
		23302B66246A411B00FED654 /* ViewController.swift in Sources */ = {isa = PBXBuildFile; fileRef = 23302B65246A411B00FED654 /* ViewController.swift */; };
		23302B69246A411B00FED654 /* Main.storyboard in Resources */ = {isa = PBXBuildFile; fileRef = 23302B67246A411B00FED654 /* Main.storyboard */; };
		23302B6B246A411F00FED654 /* Assets.xcassets in Resources */ = {isa = PBXBuildFile; fileRef = 23302B6A246A411F00FED654 /* Assets.xcassets */; };
		23302B6E246A411F00FED654 /* LaunchScreen.storyboard in Resources */ = {isa = PBXBuildFile; fileRef = 23302B6C246A411F00FED654 /* LaunchScreen.storyboard */; };
		23302CA3246AB1DE00FED654 /* ZKPhotoCollectionManager.swift in Sources */ = {isa = PBXBuildFile; fileRef = 23302C8F246AB1DE00FED654 /* ZKPhotoCollectionManager.swift */; };
		23302CA4246AB1DE00FED654 /* ZKPhotoPickerDelegate.swift in Sources */ = {isa = PBXBuildFile; fileRef = 23302C90246AB1DE00FED654 /* ZKPhotoPickerDelegate.swift */; };
		23302CA5246AB1DE00FED654 /* ZKPhotoAssetManager.swift in Sources */ = {isa = PBXBuildFile; fileRef = 23302C91246AB1DE00FED654 /* ZKPhotoAssetManager.swift */; };
		23302CA6246AB1DE00FED654 /* ZKPhotoGroupManager.swift in Sources */ = {isa = PBXBuildFile; fileRef = 23302C92246AB1DE00FED654 /* ZKPhotoGroupManager.swift */; };
		23302CA7246AB1DE00FED654 /* ZKPhotoCachingImageManager.swift in Sources */ = {isa = PBXBuildFile; fileRef = 23302C93246AB1DE00FED654 /* ZKPhotoCachingImageManager.swift */; };
		23302CA8246AB1DE00FED654 /* ZKConsts.swift in Sources */ = {isa = PBXBuildFile; fileRef = 23302C95246AB1DE00FED654 /* ZKConsts.swift */; };
		23302CA9246AB1DE00FED654 /* ZKPhotoPickerConfig.swift in Sources */ = {isa = PBXBuildFile; fileRef = 23302C96246AB1DE00FED654 /* ZKPhotoPickerConfig.swift */; };
		23302CAA246AB1DE00FED654 /* ZKExtension.swift in Sources */ = {isa = PBXBuildFile; fileRef = 23302C97246AB1DE00FED654 /* ZKExtension.swift */; };
		23302CAB246AB1DE00FED654 /* ZKPhotoCollectionViewCell.swift in Sources */ = {isa = PBXBuildFile; fileRef = 23302C9A246AB1DE00FED654 /* ZKPhotoCollectionViewCell.swift */; };
		23302CAC246AB1DE00FED654 /* ZKPhotoGroupTableViewCell.swift in Sources */ = {isa = PBXBuildFile; fileRef = 23302C9B246AB1DE00FED654 /* ZKPhotoGroupTableViewCell.swift */; };
		23302CAD246AB1DE00FED654 /* ZKPhotoShowTransition.swift in Sources */ = {isa = PBXBuildFile; fileRef = 23302C9C246AB1DE00FED654 /* ZKPhotoShowTransition.swift */; };
		23302CAE246AB1DE00FED654 /* ZKPhotoGroupViewController.swift in Sources */ = {isa = PBXBuildFile; fileRef = 23302C9D246AB1DE00FED654 /* ZKPhotoGroupViewController.swift */; };
		23302CAF246AB1DE00FED654 /* ZKPhotoCollectionListViewController.swift in Sources */ = {isa = PBXBuildFile; fileRef = 23302C9E246AB1DE00FED654 /* ZKPhotoCollectionListViewController.swift */; };
		23302CB0246AB1DE00FED654 /* ZKPhotoShowContentViewController.swift in Sources */ = {isa = PBXBuildFile; fileRef = 23302C9F246AB1DE00FED654 /* ZKPhotoShowContentViewController.swift */; };
		23302CB1246AB1DE00FED654 /* ZKPhotoShowPageViewController.swift in Sources */ = {isa = PBXBuildFile; fileRef = 23302CA0246AB1DE00FED654 /* ZKPhotoShowPageViewController.swift */; };
		23302CB2246AB1DE00FED654 /* ZKPhotoCollectionFlowLayout.swift in Sources */ = {isa = PBXBuildFile; fileRef = 23302CA1246AB1DE00FED654 /* ZKPhotoCollectionFlowLayout.swift */; };
		23302CB3246AB1DE00FED654 /* ZKPhotoPicker.swift in Sources */ = {isa = PBXBuildFile; fileRef = 23302CA2246AB1DE00FED654 /* ZKPhotoPicker.swift */; };
/* End PBXBuildFile section */

/* Begin PBXFileReference section */
		23302B5E246A411B00FED654 /* ZKPhotoPickerDemo.app */ = {isa = PBXFileReference; explicitFileType = wrapper.application; includeInIndex = 0; path = ZKPhotoPickerDemo.app; sourceTree = BUILT_PRODUCTS_DIR; };
		23302B61246A411B00FED654 /* AppDelegate.swift */ = {isa = PBXFileReference; lastKnownFileType = sourcecode.swift; path = AppDelegate.swift; sourceTree = "<group>"; };
		23302B63246A411B00FED654 /* SceneDelegate.swift */ = {isa = PBXFileReference; lastKnownFileType = sourcecode.swift; path = SceneDelegate.swift; sourceTree = "<group>"; };
		23302B65246A411B00FED654 /* ViewController.swift */ = {isa = PBXFileReference; lastKnownFileType = sourcecode.swift; path = ViewController.swift; sourceTree = "<group>"; };
		23302B68246A411B00FED654 /* Base */ = {isa = PBXFileReference; lastKnownFileType = file.storyboard; name = Base; path = Base.lproj/Main.storyboard; sourceTree = "<group>"; };
		23302B6A246A411F00FED654 /* Assets.xcassets */ = {isa = PBXFileReference; lastKnownFileType = folder.assetcatalog; path = Assets.xcassets; sourceTree = "<group>"; };
		23302B6D246A411F00FED654 /* Base */ = {isa = PBXFileReference; lastKnownFileType = file.storyboard; name = Base; path = Base.lproj/LaunchScreen.storyboard; sourceTree = "<group>"; };
		23302B6F246A411F00FED654 /* Info.plist */ = {isa = PBXFileReference; lastKnownFileType = text.plist.xml; path = Info.plist; sourceTree = "<group>"; };
		23302C8F246AB1DE00FED654 /* ZKPhotoCollectionManager.swift */ = {isa = PBXFileReference; fileEncoding = 4; lastKnownFileType = sourcecode.swift; path = ZKPhotoCollectionManager.swift; sourceTree = "<group>"; };
		23302C90246AB1DE00FED654 /* ZKPhotoPickerDelegate.swift */ = {isa = PBXFileReference; fileEncoding = 4; lastKnownFileType = sourcecode.swift; path = ZKPhotoPickerDelegate.swift; sourceTree = "<group>"; };
		23302C91246AB1DE00FED654 /* ZKPhotoAssetManager.swift */ = {isa = PBXFileReference; fileEncoding = 4; lastKnownFileType = sourcecode.swift; path = ZKPhotoAssetManager.swift; sourceTree = "<group>"; };
		23302C92246AB1DE00FED654 /* ZKPhotoGroupManager.swift */ = {isa = PBXFileReference; fileEncoding = 4; lastKnownFileType = sourcecode.swift; path = ZKPhotoGroupManager.swift; sourceTree = "<group>"; };
		23302C93246AB1DE00FED654 /* ZKPhotoCachingImageManager.swift */ = {isa = PBXFileReference; fileEncoding = 4; lastKnownFileType = sourcecode.swift; path = ZKPhotoCachingImageManager.swift; sourceTree = "<group>"; };
		23302C95246AB1DE00FED654 /* ZKConsts.swift */ = {isa = PBXFileReference; fileEncoding = 4; lastKnownFileType = sourcecode.swift; path = ZKConsts.swift; sourceTree = "<group>"; };
		23302C96246AB1DE00FED654 /* ZKPhotoPickerConfig.swift */ = {isa = PBXFileReference; fileEncoding = 4; lastKnownFileType = sourcecode.swift; path = ZKPhotoPickerConfig.swift; sourceTree = "<group>"; };
		23302C97246AB1DE00FED654 /* ZKExtension.swift */ = {isa = PBXFileReference; fileEncoding = 4; lastKnownFileType = sourcecode.swift; path = ZKExtension.swift; sourceTree = "<group>"; };
		23302C9A246AB1DE00FED654 /* ZKPhotoCollectionViewCell.swift */ = {isa = PBXFileReference; fileEncoding = 4; lastKnownFileType = sourcecode.swift; path = ZKPhotoCollectionViewCell.swift; sourceTree = "<group>"; };
		23302C9B246AB1DE00FED654 /* ZKPhotoGroupTableViewCell.swift */ = {isa = PBXFileReference; fileEncoding = 4; lastKnownFileType = sourcecode.swift; path = ZKPhotoGroupTableViewCell.swift; sourceTree = "<group>"; };
		23302C9C246AB1DE00FED654 /* ZKPhotoShowTransition.swift */ = {isa = PBXFileReference; fileEncoding = 4; lastKnownFileType = sourcecode.swift; path = ZKPhotoShowTransition.swift; sourceTree = "<group>"; };
		23302C9D246AB1DE00FED654 /* ZKPhotoGroupViewController.swift */ = {isa = PBXFileReference; fileEncoding = 4; lastKnownFileType = sourcecode.swift; path = ZKPhotoGroupViewController.swift; sourceTree = "<group>"; };
		23302C9E246AB1DE00FED654 /* ZKPhotoCollectionListViewController.swift */ = {isa = PBXFileReference; fileEncoding = 4; lastKnownFileType = sourcecode.swift; path = ZKPhotoCollectionListViewController.swift; sourceTree = "<group>"; };
		23302C9F246AB1DE00FED654 /* ZKPhotoShowContentViewController.swift */ = {isa = PBXFileReference; fileEncoding = 4; lastKnownFileType = sourcecode.swift; path = ZKPhotoShowContentViewController.swift; sourceTree = "<group>"; };
		23302CA0246AB1DE00FED654 /* ZKPhotoShowPageViewController.swift */ = {isa = PBXFileReference; fileEncoding = 4; lastKnownFileType = sourcecode.swift; path = ZKPhotoShowPageViewController.swift; sourceTree = "<group>"; };
		23302CA1246AB1DE00FED654 /* ZKPhotoCollectionFlowLayout.swift */ = {isa = PBXFileReference; fileEncoding = 4; lastKnownFileType = sourcecode.swift; path = ZKPhotoCollectionFlowLayout.swift; sourceTree = "<group>"; };
		23302CA2246AB1DE00FED654 /* ZKPhotoPicker.swift */ = {isa = PBXFileReference; fileEncoding = 4; lastKnownFileType = sourcecode.swift; path = ZKPhotoPicker.swift; sourceTree = "<group>"; };
/* End PBXFileReference section */

/* Begin PBXFrameworksBuildPhase section */
		23302B5B246A411B00FED654 /* Frameworks */ = {
			isa = PBXFrameworksBuildPhase;
			buildActionMask = 2147483647;
			files = (
			);
			runOnlyForDeploymentPostprocessing = 0;
		};
/* End PBXFrameworksBuildPhase section */

/* Begin PBXGroup section */
		23302B55246A411B00FED654 = {
			isa = PBXGroup;
			children = (
				23302C8C246AB1DE00FED654 /* ZKPhotoPicker */,
				23302B60246A411B00FED654 /* ZKPhotoPickerDemo */,
				23302B5F246A411B00FED654 /* Products */,
				E931B3C458BDA6E4F69C200E /* Frameworks */,
			);
			sourceTree = "<group>";
		};
		23302B5F246A411B00FED654 /* Products */ = {
			isa = PBXGroup;
			children = (
				23302B5E246A411B00FED654 /* ZKPhotoPickerDemo.app */,
			);
			name = Products;
			sourceTree = "<group>";
		};
		23302B60246A411B00FED654 /* ZKPhotoPickerDemo */ = {
			isa = PBXGroup;
			children = (
				23302B61246A411B00FED654 /* AppDelegate.swift */,
				23302B63246A411B00FED654 /* SceneDelegate.swift */,
				23302B65246A411B00FED654 /* ViewController.swift */,
				23302B67246A411B00FED654 /* Main.storyboard */,
				23302B6A246A411F00FED654 /* Assets.xcassets */,
				23302B6C246A411F00FED654 /* LaunchScreen.storyboard */,
				23302B6F246A411F00FED654 /* Info.plist */,
			);
			path = ZKPhotoPickerDemo;
			sourceTree = "<group>";
		};
		23302C8C246AB1DE00FED654 /* ZKPhotoPicker */ = {
			isa = PBXGroup;
			children = (
				23302C8D246AB1DE00FED654 /* Classes */,
			);
			name = ZKPhotoPicker;
			path = ../ZKPhotoPicker;
			sourceTree = "<group>";
		};
		23302C8D246AB1DE00FED654 /* Classes */ = {
			isa = PBXGroup;
			children = (
				23302C8E246AB1DE00FED654 /* Controller */,
				23302C94246AB1DE00FED654 /* Model */,
				23302C98246AB1DE00FED654 /* View */,
				23302CA2246AB1DE00FED654 /* ZKPhotoPicker.swift */,
			);
			path = Classes;
			sourceTree = "<group>";
		};
		23302C8E246AB1DE00FED654 /* Controller */ = {
			isa = PBXGroup;
			children = (
				23302C8F246AB1DE00FED654 /* ZKPhotoCollectionManager.swift */,
				23302C90246AB1DE00FED654 /* ZKPhotoPickerDelegate.swift */,
				23302C91246AB1DE00FED654 /* ZKPhotoAssetManager.swift */,
				23302C92246AB1DE00FED654 /* ZKPhotoGroupManager.swift */,
				23302C93246AB1DE00FED654 /* ZKPhotoCachingImageManager.swift */,
			);
			path = Controller;
			sourceTree = "<group>";
		};
		23302C94246AB1DE00FED654 /* Model */ = {
			isa = PBXGroup;
			children = (
				23302C95246AB1DE00FED654 /* ZKConsts.swift */,
				23302C96246AB1DE00FED654 /* ZKPhotoPickerConfig.swift */,
				23302C97246AB1DE00FED654 /* ZKExtension.swift */,
			);
			path = Model;
			sourceTree = "<group>";
		};
		23302C98246AB1DE00FED654 /* View */ = {
			isa = PBXGroup;
			children = (
				23302C99246AB1DE00FED654 /* cells */,
				23302C9C246AB1DE00FED654 /* ZKPhotoShowTransition.swift */,
				23302C9D246AB1DE00FED654 /* ZKPhotoGroupViewController.swift */,
				23302C9E246AB1DE00FED654 /* ZKPhotoCollectionListViewController.swift */,
				23302C9F246AB1DE00FED654 /* ZKPhotoShowContentViewController.swift */,
				23302CA0246AB1DE00FED654 /* ZKPhotoShowPageViewController.swift */,
				23302CA1246AB1DE00FED654 /* ZKPhotoCollectionFlowLayout.swift */,
			);
			path = View;
			sourceTree = "<group>";
		};
		23302C99246AB1DE00FED654 /* cells */ = {
			isa = PBXGroup;
			children = (
				23302C9A246AB1DE00FED654 /* ZKPhotoCollectionViewCell.swift */,
				23302C9B246AB1DE00FED654 /* ZKPhotoGroupTableViewCell.swift */,
			);
			path = cells;
			sourceTree = "<group>";
		};
		E931B3C458BDA6E4F69C200E /* Frameworks */ = {
			isa = PBXGroup;
			children = (
			);
			name = Frameworks;
			sourceTree = "<group>";
		};
/* End PBXGroup section */

/* Begin PBXNativeTarget section */
		23302B5D246A411B00FED654 /* ZKPhotoPickerDemo */ = {
			isa = PBXNativeTarget;
			buildConfigurationList = 23302B72246A411F00FED654 /* Build configuration list for PBXNativeTarget "ZKPhotoPickerDemo" */;
			buildPhases = (
				23302B5A246A411B00FED654 /* Sources */,
				23302B5B246A411B00FED654 /* Frameworks */,
				23302B5C246A411B00FED654 /* Resources */,
			);
			buildRules = (
			);
			dependencies = (
			);
			name = ZKPhotoPickerDemo;
			productName = ZKPhotoPickerDemo;
			productReference = 23302B5E246A411B00FED654 /* ZKPhotoPickerDemo.app */;
			productType = "com.apple.product-type.application";
		};
/* End PBXNativeTarget section */

/* Begin PBXProject section */
		23302B56246A411B00FED654 /* Project object */ = {
			isa = PBXProject;
			attributes = {
				LastSwiftUpdateCheck = 1130;
				LastUpgradeCheck = 1130;
				ORGANIZATIONNAME = Doby;
				TargetAttributes = {
					23302B5D246A411B00FED654 = {
						CreatedOnToolsVersion = 11.3;
					};
				};
			};
			buildConfigurationList = 23302B59246A411B00FED654 /* Build configuration list for PBXProject "ZKPhotoPickerDemo" */;
			compatibilityVersion = "Xcode 9.3";
			developmentRegion = en;
			hasScannedForEncodings = 0;
			knownRegions = (
				en,
				Base,
			);
			mainGroup = 23302B55246A411B00FED654;
			productRefGroup = 23302B5F246A411B00FED654 /* Products */;
			projectDirPath = "";
			projectRoot = "";
			targets = (
				23302B5D246A411B00FED654 /* ZKPhotoPickerDemo */,
			);
		};
/* End PBXProject section */

/* Begin PBXResourcesBuildPhase section */
		23302B5C246A411B00FED654 /* Resources */ = {
			isa = PBXResourcesBuildPhase;
			buildActionMask = 2147483647;
			files = (
				23302B6E246A411F00FED654 /* LaunchScreen.storyboard in Resources */,
				23302B6B246A411F00FED654 /* Assets.xcassets in Resources */,
				23302B69246A411B00FED654 /* Main.storyboard in Resources */,
			);
			runOnlyForDeploymentPostprocessing = 0;
		};
/* End PBXResourcesBuildPhase section */

/* Begin PBXSourcesBuildPhase section */
		23302B5A246A411B00FED654 /* Sources */ = {
			isa = PBXSourcesBuildPhase;
			buildActionMask = 2147483647;
			files = (
				23302CA5246AB1DE00FED654 /* ZKPhotoAssetManager.swift in Sources */,
				23302B66246A411B00FED654 /* ViewController.swift in Sources */,
				23302CB2246AB1DE00FED654 /* ZKPhotoCollectionFlowLayout.swift in Sources */,
				23302CAE246AB1DE00FED654 /* ZKPhotoGroupViewController.swift in Sources */,
				23302CA7246AB1DE00FED654 /* ZKPhotoCachingImageManager.swift in Sources */,
				23302B62246A411B00FED654 /* AppDelegate.swift in Sources */,
				23302CAB246AB1DE00FED654 /* ZKPhotoCollectionViewCell.swift in Sources */,
				23302CB3246AB1DE00FED654 /* ZKPhotoPicker.swift in Sources */,
				23302CB0246AB1DE00FED654 /* ZKPhotoShowContentViewController.swift in Sources */,
				23302CAA246AB1DE00FED654 /* ZKExtension.swift in Sources */,
				23302CA4246AB1DE00FED654 /* ZKPhotoPickerDelegate.swift in Sources */,
				23302CA8246AB1DE00FED654 /* ZKConsts.swift in Sources */,
				23302B64246A411B00FED654 /* SceneDelegate.swift in Sources */,
				23302CAF246AB1DE00FED654 /* ZKPhotoCollectionListViewController.swift in Sources */,
				23302CAD246AB1DE00FED654 /* ZKPhotoShowTransition.swift in Sources */,
				23302CA3246AB1DE00FED654 /* ZKPhotoCollectionManager.swift in Sources */,
				23302CB1246AB1DE00FED654 /* ZKPhotoShowPageViewController.swift in Sources */,
				23302CA6246AB1DE00FED654 /* ZKPhotoGroupManager.swift in Sources */,
				23302CA9246AB1DE00FED654 /* ZKPhotoPickerConfig.swift in Sources */,
				23302CAC246AB1DE00FED654 /* ZKPhotoGroupTableViewCell.swift in Sources */,
			);
			runOnlyForDeploymentPostprocessing = 0;
		};
/* End PBXSourcesBuildPhase section */

/* Begin PBXVariantGroup section */
		23302B67246A411B00FED654 /* Main.storyboard */ = {
			isa = PBXVariantGroup;
			children = (
				23302B68246A411B00FED654 /* Base */,
			);
			name = Main.storyboard;
			sourceTree = "<group>";
		};
		23302B6C246A411F00FED654 /* LaunchScreen.storyboard */ = {
			isa = PBXVariantGroup;
			children = (
				23302B6D246A411F00FED654 /* Base */,
			);
			name = LaunchScreen.storyboard;
			sourceTree = "<group>";
		};
/* End PBXVariantGroup section */

/* Begin XCBuildConfiguration section */
		23302B70246A411F00FED654 /* Debug */ = {
			isa = XCBuildConfiguration;
			buildSettings = {
				ALWAYS_SEARCH_USER_PATHS = NO;
				CLANG_ANALYZER_NONNULL = YES;
				CLANG_ANALYZER_NUMBER_OBJECT_CONVERSION = YES_AGGRESSIVE;
				CLANG_CXX_LANGUAGE_STANDARD = "gnu++14";
				CLANG_CXX_LIBRARY = "libc++";
				CLANG_ENABLE_MODULES = YES;
				CLANG_ENABLE_OBJC_ARC = YES;
				CLANG_ENABLE_OBJC_WEAK = YES;
				CLANG_WARN_BLOCK_CAPTURE_AUTORELEASING = YES;
				CLANG_WARN_BOOL_CONVERSION = YES;
				CLANG_WARN_COMMA = YES;
				CLANG_WARN_CONSTANT_CONVERSION = YES;
				CLANG_WARN_DEPRECATED_OBJC_IMPLEMENTATIONS = YES;
				CLANG_WARN_DIRECT_OBJC_ISA_USAGE = YES_ERROR;
				CLANG_WARN_DOCUMENTATION_COMMENTS = YES;
				CLANG_WARN_EMPTY_BODY = YES;
				CLANG_WARN_ENUM_CONVERSION = YES;
				CLANG_WARN_INFINITE_RECURSION = YES;
				CLANG_WARN_INT_CONVERSION = YES;
				CLANG_WARN_NON_LITERAL_NULL_CONVERSION = YES;
				CLANG_WARN_OBJC_IMPLICIT_RETAIN_SELF = YES;
				CLANG_WARN_OBJC_LITERAL_CONVERSION = YES;
				CLANG_WARN_OBJC_ROOT_CLASS = YES_ERROR;
				CLANG_WARN_RANGE_LOOP_ANALYSIS = YES;
				CLANG_WARN_STRICT_PROTOTYPES = YES;
				CLANG_WARN_SUSPICIOUS_MOVE = YES;
				CLANG_WARN_UNGUARDED_AVAILABILITY = YES_AGGRESSIVE;
				CLANG_WARN_UNREACHABLE_CODE = YES;
				CLANG_WARN__DUPLICATE_METHOD_MATCH = YES;
				COPY_PHASE_STRIP = NO;
				DEBUG_INFORMATION_FORMAT = dwarf;
				ENABLE_STRICT_OBJC_MSGSEND = YES;
				ENABLE_TESTABILITY = YES;
				GCC_C_LANGUAGE_STANDARD = gnu11;
				GCC_DYNAMIC_NO_PIC = NO;
				GCC_NO_COMMON_BLOCKS = YES;
				GCC_OPTIMIZATION_LEVEL = 0;
				GCC_PREPROCESSOR_DEFINITIONS = (
					"DEBUG=1",
					"$(inherited)",
				);
				GCC_WARN_64_TO_32_BIT_CONVERSION = YES;
				GCC_WARN_ABOUT_RETURN_TYPE = YES_ERROR;
				GCC_WARN_UNDECLARED_SELECTOR = YES;
				GCC_WARN_UNINITIALIZED_AUTOS = YES_AGGRESSIVE;
				GCC_WARN_UNUSED_FUNCTION = YES;
				GCC_WARN_UNUSED_VARIABLE = YES;
				IPHONEOS_DEPLOYMENT_TARGET = 13.2;
				MTL_ENABLE_DEBUG_INFO = INCLUDE_SOURCE;
				MTL_FAST_MATH = YES;
				ONLY_ACTIVE_ARCH = YES;
				SDKROOT = iphoneos;
				SWIFT_ACTIVE_COMPILATION_CONDITIONS = DEBUG;
				SWIFT_OPTIMIZATION_LEVEL = "-Onone";
			};
			name = Debug;
		};
		23302B71246A411F00FED654 /* Release */ = {
			isa = XCBuildConfiguration;
			buildSettings = {
				ALWAYS_SEARCH_USER_PATHS = NO;
				CLANG_ANALYZER_NONNULL = YES;
				CLANG_ANALYZER_NUMBER_OBJECT_CONVERSION = YES_AGGRESSIVE;
				CLANG_CXX_LANGUAGE_STANDARD = "gnu++14";
				CLANG_CXX_LIBRARY = "libc++";
				CLANG_ENABLE_MODULES = YES;
				CLANG_ENABLE_OBJC_ARC = YES;
				CLANG_ENABLE_OBJC_WEAK = YES;
				CLANG_WARN_BLOCK_CAPTURE_AUTORELEASING = YES;
				CLANG_WARN_BOOL_CONVERSION = YES;
				CLANG_WARN_COMMA = YES;
				CLANG_WARN_CONSTANT_CONVERSION = YES;
				CLANG_WARN_DEPRECATED_OBJC_IMPLEMENTATIONS = YES;
				CLANG_WARN_DIRECT_OBJC_ISA_USAGE = YES_ERROR;
				CLANG_WARN_DOCUMENTATION_COMMENTS = YES;
				CLANG_WARN_EMPTY_BODY = YES;
				CLANG_WARN_ENUM_CONVERSION = YES;
				CLANG_WARN_INFINITE_RECURSION = YES;
				CLANG_WARN_INT_CONVERSION = YES;
				CLANG_WARN_NON_LITERAL_NULL_CONVERSION = YES;
				CLANG_WARN_OBJC_IMPLICIT_RETAIN_SELF = YES;
				CLANG_WARN_OBJC_LITERAL_CONVERSION = YES;
				CLANG_WARN_OBJC_ROOT_CLASS = YES_ERROR;
				CLANG_WARN_RANGE_LOOP_ANALYSIS = YES;
				CLANG_WARN_STRICT_PROTOTYPES = YES;
				CLANG_WARN_SUSPICIOUS_MOVE = YES;
				CLANG_WARN_UNGUARDED_AVAILABILITY = YES_AGGRESSIVE;
				CLANG_WARN_UNREACHABLE_CODE = YES;
				CLANG_WARN__DUPLICATE_METHOD_MATCH = YES;
				COPY_PHASE_STRIP = NO;
				DEBUG_INFORMATION_FORMAT = "dwarf-with-dsym";
				ENABLE_NS_ASSERTIONS = NO;
				ENABLE_STRICT_OBJC_MSGSEND = YES;
				GCC_C_LANGUAGE_STANDARD = gnu11;
				GCC_NO_COMMON_BLOCKS = YES;
				GCC_WARN_64_TO_32_BIT_CONVERSION = YES;
				GCC_WARN_ABOUT_RETURN_TYPE = YES_ERROR;
				GCC_WARN_UNDECLARED_SELECTOR = YES;
				GCC_WARN_UNINITIALIZED_AUTOS = YES_AGGRESSIVE;
				GCC_WARN_UNUSED_FUNCTION = YES;
				GCC_WARN_UNUSED_VARIABLE = YES;
				IPHONEOS_DEPLOYMENT_TARGET = 13.2;
				MTL_ENABLE_DEBUG_INFO = NO;
				MTL_FAST_MATH = YES;
				SDKROOT = iphoneos;
				SWIFT_COMPILATION_MODE = wholemodule;
				SWIFT_OPTIMIZATION_LEVEL = "-O";
				VALIDATE_PRODUCT = YES;
			};
			name = Release;
		};
		23302B73246A411F00FED654 /* Debug */ = {
			isa = XCBuildConfiguration;
			buildSettings = {
				ASSETCATALOG_COMPILER_APPICON_NAME = AppIcon;
				CODE_SIGN_STYLE = Automatic;
				DEVELOPMENT_TEAM = X78BX3WNP2;
				INFOPLIST_FILE = ZKPhotoPickerDemo/Info.plist;
				LD_RUNPATH_SEARCH_PATHS = (
					"$(inherited)",
					"@executable_path/Frameworks",
				);
				PRODUCT_BUNDLE_IDENTIFIER = com.buydeem.ZKPhotoPickerDemo;
				PRODUCT_NAME = "$(TARGET_NAME)";
				SWIFT_VERSION = 5.0;
				TARGETED_DEVICE_FAMILY = "1,2";
			};
			name = Debug;
		};
		23302B74246A411F00FED654 /* Release */ = {
			isa = XCBuildConfiguration;
			buildSettings = {
				ASSETCATALOG_COMPILER_APPICON_NAME = AppIcon;
				CODE_SIGN_STYLE = Automatic;
				DEVELOPMENT_TEAM = X78BX3WNP2;
				INFOPLIST_FILE = ZKPhotoPickerDemo/Info.plist;
				LD_RUNPATH_SEARCH_PATHS = (
					"$(inherited)",
					"@executable_path/Frameworks",
				);
				PRODUCT_BUNDLE_IDENTIFIER = com.buydeem.ZKPhotoPickerDemo;
				PRODUCT_NAME = "$(TARGET_NAME)";
				SWIFT_VERSION = 5.0;
				TARGETED_DEVICE_FAMILY = "1,2";
			};
			name = Release;
		};
/* End XCBuildConfiguration section */

/* Begin XCConfigurationList section */
		23302B59246A411B00FED654 /* Build configuration list for PBXProject "ZKPhotoPickerDemo" */ = {
			isa = XCConfigurationList;
			buildConfigurations = (
				23302B70246A411F00FED654 /* Debug */,
				23302B71246A411F00FED654 /* Release */,
			);
			defaultConfigurationIsVisible = 0;
			defaultConfigurationName = Release;
		};
		23302B72246A411F00FED654 /* Build configuration list for PBXNativeTarget "ZKPhotoPickerDemo" */ = {
			isa = XCConfigurationList;
			buildConfigurations = (
				23302B73246A411F00FED654 /* Debug */,
				23302B74246A411F00FED654 /* Release */,
			);
			defaultConfigurationIsVisible = 0;
			defaultConfigurationName = Release;
		};
/* End XCConfigurationList section */
	};
	rootObject = 23302B56246A411B00FED654 /* Project object */;
}
